Microsoft Visual Studio Solution File, Format Version 12.00
# Visual Studio Version 17
VisualStudioVersion = 17.5.2.0
MinimumVisualStudioVersion = 10.0.40219.1
Project("{FAE04EC0-301F-11D3-BF4B-00C04F79EFBC}") = "tdd-conta-bancaria", "tdd-conta-bancaria.csproj", "{4EAD7E34-7696-58DB-3558-48C0DA4AD77E}"
EndProject
Global
	GlobalSection(SolutionConfigurationPlatforms) = preSolution
		Debug|Any CPU = Debug|Any CPU
		Release|Any CPU = Release|Any CPU
	EndGlobalSection
	GlobalSection(ProjectConfigurationPlatforms) = postSolution
		{4EAD7E34-7696-58DB-3558-48C0DA4AD77E}.Debug|Any CPU.ActiveCfg = Debug|Any CPU
		{4EAD7E34-7696-58DB-3558-48C0DA4AD77E}.Debug|Any CPU.Build.0 = Debug|Any CPU
		{4EAD7E34-7696-58DB-3558-48C0DA4AD77E}.Release|Any CPU.ActiveCfg = Release|Any CPU
		{4EAD7E34-7696-58DB-3558-48C0DA4AD77E}.Release|Any CPU.Build.0 = Release|Any CPU
	EndGlobalSection
	GlobalSection(SolutionProperties) = preSolution
		HideSolutionNode = FALSE
	EndGlobalSection
	GlobalSection(ExtensibilityGlobals) = postSolution
		SolutionGuid = {08CE84D9-3367-4AA1-BF0E-AA6AAC7AE8BC}
	EndGlobalSection
EndGlobal
